// !$*UTF8*$!
{
	archiveVersion = 1;
	classes = {
	};
	objectVersion = 56;
	objects = {

/* Begin PBXBuildFile section */
		DDE3DC7F2D926C8B00E0645F /* Demo.png in Resources */ = {isa = PBXBuildFile; fileRef = DDE3DC7E2D926C8A00E0645F /* Demo.png */; };
		DDF536BF2CDF3BD700E2B335 /* AppDelegate.swift in Sources */ = {isa = PBXBuildFile; fileRef = DDF536BE2CDF3BD700E2B335 /* AppDelegate.swift */; };
		DDF536C12CDF3BD700E2B335 /* SceneDelegate.swift in Sources */ = {isa = PBXBuildFile; fileRef = DDF536C02CDF3BD700E2B335 /* SceneDelegate.swift */; };
		DDF536C32CDF3BD700E2B335 /* ViewController.swift in Sources */ = {isa = PBXBuildFile; fileRef = DDF536C22CDF3BD700E2B335 /* ViewController.swift */; };
		DDF536C62CDF3BD700E2B335 /* Base in Resources */ = {isa = PBXBuildFile; fileRef = DDF536C52CDF3BD700E2B335 /* Base */; };
		DDF536C82CDF3BD800E2B335 /* Assets.xcassets in Resources */ = {isa = PBXBuildFile; fileRef = DDF536C72CDF3BD800E2B335 /* Assets.xcassets */; };
		DDF536CB2CDF3BD800E2B335 /* Base in Resources */ = {isa = PBXBuildFile; fileRef = DDF536CA2CDF3BD800E2B335 /* Base */; };
		DDF536D52CDF3CDC00E2B335 /* LiveOverlayViewKit.swift in Sources */ = {isa = PBXBuildFile; fileRef = DDF536D42CDF3CDC00E2B335 /* LiveOverlayViewKit.swift */; };
/* End PBXBuildFile section */

/* Begin PBXFileReference section */
		DDE3DC7E2D926C8A00E0645F /* Demo.png */ = {isa = PBXFileReference; lastKnownFileType = image.png; path = Demo.png; sourceTree = "<group>"; };
		DDF536BB2CDF3BD700E2B335 /* LiveIndicatorOverlayKit.app */ = {isa = PBXFileReference; explicitFileType = wrapper.application; includeInIndex = 0; path = LiveIndicatorOverlayKit.app; sourceTree = BUILT_PRODUCTS_DIR; };
		DDF536BE2CDF3BD700E2B335 /* AppDelegate.swift */ = {isa = PBXFileReference; lastKnownFileType = sourcecode.swift; path = AppDelegate.swift; sourceTree = "<group>"; };
		DDF536C02CDF3BD700E2B335 /* SceneDelegate.swift */ = {isa = PBXFileReference; lastKnownFileType = sourcecode.swift; path = SceneDelegate.swift; sourceTree = "<group>"; };
		DDF536C22CDF3BD700E2B335 /* ViewController.swift */ = {isa = PBXFileReference; lastKnownFileType = sourcecode.swift; path = ViewController.swift; sourceTree = "<group>"; };
		DDF536C52CDF3BD700E2B335 /* Base */ = {isa = PBXFileReference; lastKnownFileType = file.storyboard; name = Base; path = Base.lproj/Main.storyboard; sourceTree = "<group>"; };
		DDF536C72CDF3BD800E2B335 /* Assets.xcassets */ = {isa = PBXFileReference; lastKnownFileType = folder.assetcatalog; path = Assets.xcassets; sourceTree = "<group>"; };
		DDF536CA2CDF3BD800E2B335 /* Base */ = {isa = PBXFileReference; lastKnownFileType = file.storyboard; name = Base; path = Base.lproj/LaunchScreen.storyboard; sourceTree = "<group>"; };
		DDF536CC2CDF3BD800E2B335 /* Info.plist */ = {isa = PBXFileReference; lastKnownFileType = text.plist.xml; path = Info.plist; sourceTree = "<group>"; };
		DDF536D42CDF3CDC00E2B335 /* LiveOverlayViewKit.swift */ = {isa = PBXFileReference; lastKnownFileType = sourcecode.swift; path = LiveOverlayViewKit.swift; sourceTree = "<group>"; };
/* End PBXFileReference section */

/* Begin PBXFrameworksBuildPhase section */
		DDF536B82CDF3BD700E2B335 /* Frameworks */ = {
			isa = PBXFrameworksBuildPhase;
			buildActionMask = 2147483647;
			files = (
			);
			runOnlyForDeploymentPostprocessing = 0;
		};
/* End PBXFrameworksBuildPhase section */

/* Begin PBXGroup section */
		DDF536B22CDF3BD700E2B335 = {
			isa = PBXGroup;
			children = (
				DDF536BD2CDF3BD700E2B335 /* LiveIndicatorOverlayKit */,
				DDF536BC2CDF3BD700E2B335 /* Products */,
			);
			sourceTree = "<group>";
		};
		DDF536BC2CDF3BD700E2B335 /* Products */ = {
			isa = PBXGroup;
			children = (
				DDF536BB2CDF3BD700E2B335 /* LiveIndicatorOverlayKit.app */,
			);
			name = Products;
			sourceTree = "<group>";
		};
		DDF536BD2CDF3BD700E2B335 /* LiveIndicatorOverlayKit */ = {
			isa = PBXGroup;
			children = (
				DDF536D22CDF3C6000E2B335 /* Base */,
				DDF536D32CDF3C7B00E2B335 /* Resource */,
				DDF536C22CDF3BD700E2B335 /* ViewController.swift */,
				DDF536D42CDF3CDC00E2B335 /* LiveOverlayViewKit.swift */,
				DDF536C42CDF3BD700E2B335 /* Main.storyboard */,
				DDF536C92CDF3BD800E2B335 /* LaunchScreen.storyboard */,
				DDF536CC2CDF3BD800E2B335 /* Info.plist */,
			);
			path = LiveIndicatorOverlayKit;
			sourceTree = "<group>";
		};
		DDF536D22CDF3C6000E2B335 /* Base */ = {
			isa = PBXGroup;
			children = (
				DDF536BE2CDF3BD700E2B335 /* AppDelegate.swift */,
				DDF536C02CDF3BD700E2B335 /* SceneDelegate.swift */,
			);
			path = Base;
			sourceTree = "<group>";
		};
		DDF536D32CDF3C7B00E2B335 /* Resource */ = {
			isa = PBXGroup;
			children = (
				DDE3DC7E2D926C8A00E0645F /* Demo.png */,
				DDF536C72CDF3BD800E2B335 /* Assets.xcassets */,
			);
			path = Resource;
			sourceTree = "<group>";
		};
/* End PBXGroup section */

/* Begin PBXNativeTarget section */
		DDF536BA2CDF3BD700E2B335 /* LiveIndicatorOverlayKit */ = {
			isa = PBXNativeTarget;
			buildConfigurationList = DDF536CF2CDF3BD800E2B335 /* Build configuration list for PBXNativeTarget "LiveIndicatorOverlayKit" */;
			buildPhases = (
				DDF536B72CDF3BD700E2B335 /* Sources */,
				DDF536B82CDF3BD700E2B335 /* Frameworks */,
				DDF536B92CDF3BD700E2B335 /* Resources */,
			);
			buildRules = (
			);
			dependencies = (
			);
			name = LiveIndicatorOverlayKit;
			productName = LiveIndicatorOverlayKit;
			productReference = DDF536BB2CDF3BD700E2B335 /* LiveIndicatorOverlayKit.app */;
			productType = "com.apple.product-type.application";
		};
/* End PBXNativeTarget section */

/* Begin PBXProject section */
		DDF536B32CDF3BD700E2B335 /* Project object */ = {
			isa = PBXProject;
			attributes = {
				BuildIndependentTargetsInParallel = 1;
				LastSwiftUpdateCheck = 1530;
				LastUpgradeCheck = 1530;
				TargetAttributes = {
					DDF536BA2CDF3BD700E2B335 = {
						CreatedOnToolsVersion = 15.3;
					};
				};
			};
			buildConfigurationList = DDF536B62CDF3BD700E2B335 /* Build configuration list for PBXProject "LiveIndicatorOverlayKit" */;
			compatibilityVersion = "Xcode 14.0";
			developmentRegion = en;
			hasScannedForEncodings = 0;
			knownRegions = (
				en,
				Base,
			);
			mainGroup = DDF536B22CDF3BD700E2B335;
			productRefGroup = DDF536BC2CDF3BD700E2B335 /* Products */;
			projectDirPath = "";
			projectRoot = "";
			targets = (
				DDF536BA2CDF3BD700E2B335 /* LiveIndicatorOverlayKit */,
			);
		};
/* End PBXProject section */

/* Begin PBXResourcesBuildPhase section */
		DDF536B92CDF3BD700E2B335 /* Resources */ = {
			isa = PBXResourcesBuildPhase;
			buildActionMask = 2147483647;
			files = (
				DDE3DC7F2D926C8B00E0645F /* Demo.png in Resources */,
				DDF536C82CDF3BD800E2B335 /* Assets.xcassets in Resources */,
				DDF536CB2CDF3BD800E2B335 /* Base in Resources */,
				DDF536C62CDF3BD700E2B335 /* Base in Resources */,
			);
			runOnlyForDeploymentPostprocessing = 0;
		};
/* End PBXResourcesBuildPhase section */

/* Begin PBXSourcesBuildPhase section */
		DDF536B72CDF3BD700E2B335 /* Sources */ = {
			isa = PBXSourcesBuildPhase;
			buildActionMask = 2147483647;
			files = (
				DDF536D52CDF3CDC00E2B335 /* LiveOverlayViewKit.swift in Sources */,
				DDF536C32CDF3BD700E2B335 /* ViewController.swift in Sources */,
				DDF536BF2CDF3BD700E2B335 /* AppDelegate.swift in Sources */,
				DDF536C12CDF3BD700E2B335 /* SceneDelegate.swift in Sources */,
			);
			runOnlyForDeploymentPostprocessing = 0;
		};
/* End PBXSourcesBuildPhase section */

/* Begin PBXVariantGroup section */
		DDF536C42CDF3BD700E2B335 /* Main.storyboard */ = {
			isa = PBXVariantGroup;
			children = (
				DDF536C52CDF3BD700E2B335 /* Base */,
			);
			name = Main.storyboard;
			sourceTree = "<group>";
		};
		DDF536C92CDF3BD800E2B335 /* LaunchScreen.storyboard */ = {
			isa = PBXVariantGroup;
			children = (
				DDF536CA2CDF3BD800E2B335 /* Base */,
			);
			name = LaunchScreen.storyboard;
			sourceTree = "<group>";
		};
/* End PBXVariantGroup section */

/* Begin XCBuildConfiguration section */
		DDF536CD2CDF3BD800E2B335 /* Debug */ = {
			isa = XCBuildConfiguration;
			buildSettings = {
				ALWAYS_SEARCH_USER_PATHS = NO;
				ASSETCATALOG_COMPILER_GENERATE_SWIFT_ASSET_SYMBOL_EXTENSIONS = YES;
				CLANG_ANALYZER_NONNULL = YES;
				CLANG_ANALYZER_NUMBER_OBJECT_CONVERSION = YES_AGGRESSIVE;
				CLANG_CXX_LANGUAGE_STANDARD = "gnu++20";
				CLANG_ENABLE_MODULES = YES;
				CLANG_ENABLE_OBJC_ARC = YES;
				CLANG_ENABLE_OBJC_WEAK = YES;
				CLANG_WARN_BLOCK_CAPTURE_AUTORELEASING = YES;
				CLANG_WARN_BOOL_CONVERSION = YES;
				CLANG_WARN_COMMA = YES;
				CLANG_WARN_CONSTANT_CONVERSION = YES;
				CLANG_WARN_DEPRECATED_OBJC_IMPLEMENTATIONS = YES;
				CLANG_WARN_DIRECT_OBJC_ISA_USAGE = YES_ERROR;
				CLANG_WARN_DOCUMENTATION_COMMENTS = YES;
				CLANG_WARN_EMPTY_BODY = YES;
				CLANG_WARN_ENUM_CONVERSION = YES;
				CLANG_WARN_INFINITE_RECURSION = YES;
				CLANG_WARN_INT_CONVERSION = YES;
				CLANG_WARN_NON_LITERAL_NULL_CONVERSION = YES;
				CLANG_WARN_OBJC_IMPLICIT_RETAIN_SELF = YES;
				CLANG_WARN_OBJC_LITERAL_CONVERSION = YES;
				CLANG_WARN_OBJC_ROOT_CLASS = YES_ERROR;
				CLANG_WARN_QUOTED_INCLUDE_IN_FRAMEWORK_HEADER = YES;
				CLANG_WARN_RANGE_LOOP_ANALYSIS = YES;
				CLANG_WARN_STRICT_PROTOTYPES = YES;
				CLANG_WARN_SUSPICIOUS_MOVE = YES;
				CLANG_WARN_UNGUARDED_AVAILABILITY = YES_AGGRESSIVE;
				CLANG_WARN_UNREACHABLE_CODE = YES;
				CLANG_WARN__DUPLICATE_METHOD_MATCH = YES;
				COPY_PHASE_STRIP = NO;
				DEBUG_INFORMATION_FORMAT = dwarf;
				ENABLE_STRICT_OBJC_MSGSEND = YES;
				ENABLE_TESTABILITY = YES;
				ENABLE_USER_SCRIPT_SANDBOXING = YES;
				GCC_C_LANGUAGE_STANDARD = gnu17;
				GCC_DYNAMIC_NO_PIC = NO;
				GCC_NO_COMMON_BLOCKS = YES;
				GCC_OPTIMIZATION_LEVEL = 0;
				GCC_PREPROCESSOR_DEFINITIONS = (
					"DEBUG=1",
					"$(inherited)",
				);
				GCC_WARN_64_TO_32_BIT_CONVERSION = YES;
				GCC_WARN_ABOUT_RETURN_TYPE = YES_ERROR;
				GCC_WARN_UNDECLARED_SELECTOR = YES;
				GCC_WARN_UNINITIALIZED_AUTOS = YES_AGGRESSIVE;
				GCC_WARN_UNUSED_FUNCTION = YES;
				GCC_WARN_UNUSED_VARIABLE = YES;
				IPHONEOS_DEPLOYMENT_TARGET = 17.4;
				LOCALIZATION_PREFERS_STRING_CATALOGS = YES;
				MTL_ENABLE_DEBUG_INFO = INCLUDE_SOURCE;
				MTL_FAST_MATH = YES;
				ONLY_ACTIVE_ARCH = YES;
				SDKROOT = iphoneos;
				SWIFT_ACTIVE_COMPILATION_CONDITIONS = "DEBUG $(inherited)";
				SWIFT_OPTIMIZATION_LEVEL = "-Onone";
			};
			name = Debug;
		};
		DDF536CE2CDF3BD800E2B335 /* Release */ = {
			isa = XCBuildConfiguration;
			buildSettings = {
				ALWAYS_SEARCH_USER_PATHS = NO;
				ASSETCATALOG_COMPILER_GENERATE_SWIFT_ASSET_SYMBOL_EXTENSIONS = YES;
				CLANG_ANALYZER_NONNULL = YES;
				CLANG_ANALYZER_NUMBER_OBJECT_CONVERSION = YES_AGGRESSIVE;
				CLANG_CXX_LANGUAGE_STANDARD = "gnu++20";
				CLANG_ENABLE_MODULES = YES;
				CLANG_ENABLE_OBJC_ARC = YES;
				CLANG_ENABLE_OBJC_WEAK = YES;
				CLANG_WARN_BLOCK_CAPTURE_AUTORELEASING = YES;
				CLANG_WARN_BOOL_CONVERSION = YES;
				CLANG_WARN_COMMA = YES;
				CLANG_WARN_CONSTANT_CONVERSION = YES;
				CLANG_WARN_DEPRECATED_OBJC_IMPLEMENTATIONS = YES;
				CLANG_WARN_DIRECT_OBJC_ISA_USAGE = YES_ERROR;
				CLANG_WARN_DOCUMENTATION_COMMENTS = YES;
				CLANG_WARN_EMPTY_BODY = YES;
				CLANG_WARN_ENUM_CONVERSION = YES;
				CLANG_WARN_INFINITE_RECURSION = YES;
				CLANG_WARN_INT_CONVERSION = YES;
				CLANG_WARN_NON_LITERAL_NULL_CONVERSION = YES;
				CLANG_WARN_OBJC_IMPLICIT_RETAIN_SELF = YES;
				CLANG_WARN_OBJC_LITERAL_CONVERSION = YES;
				CLANG_WARN_OBJC_ROOT_CLASS = YES_ERROR;
				CLANG_WARN_QUOTED_INCLUDE_IN_FRAMEWORK_HEADER = YES;
				CLANG_WARN_RANGE_LOOP_ANALYSIS = YES;
				CLANG_WARN_STRICT_PROTOTYPES = YES;
				CLANG_WARN_SUSPICIOUS_MOVE = YES;
				CLANG_WARN_UNGUARDED_AVAILABILITY = YES_AGGRESSIVE;
				CLANG_WARN_UNREACHABLE_CODE = YES;
				CLANG_WARN__DUPLICATE_METHOD_MATCH = YES;
				COPY_PHASE_STRIP = NO;
				DEBUG_INFORMATION_FORMAT = "dwarf-with-dsym";
				ENABLE_NS_ASSERTIONS = NO;
				ENABLE_STRICT_OBJC_MSGSEND = YES;
				ENABLE_USER_SCRIPT_SANDBOXING = YES;
				GCC_C_LANGUAGE_STANDARD = gnu17;
				GCC_NO_COMMON_BLOCKS = YES;
				GCC_WARN_64_TO_32_BIT_CONVERSION = YES;
				GCC_WARN_ABOUT_RETURN_TYPE = YES_ERROR;
				GCC_WARN_UNDECLARED_SELECTOR = YES;
				GCC_WARN_UNINITIALIZED_AUTOS = YES_AGGRESSIVE;
				GCC_WARN_UNUSED_FUNCTION = YES;
				GCC_WARN_UNUSED_VARIABLE = YES;
				IPHONEOS_DEPLOYMENT_TARGET = 17.4;
				LOCALIZATION_PREFERS_STRING_CATALOGS = YES;
				MTL_ENABLE_DEBUG_INFO = NO;
				MTL_FAST_MATH = YES;
				SDKROOT = iphoneos;
				SWIFT_COMPILATION_MODE = wholemodule;
				VALIDATE_PRODUCT = YES;
			};
			name = Release;
		};
		DDF536D02CDF3BD800E2B335 /* Debug */ = {
			isa = XCBuildConfiguration;
			buildSettings = {
				ASSETCATALOG_COMPILER_APPICON_NAME = AppIcon;
				ASSETCATALOG_COMPILER_GLOBAL_ACCENT_COLOR_NAME = AccentColor;
				CODE_SIGN_STYLE = Automatic;
				CURRENT_PROJECT_VERSION = 1;
				GENERATE_INFOPLIST_FILE = YES;
				INFOPLIST_FILE = LiveIndicatorOverlayKit/Info.plist;
				INFOPLIST_KEY_UIApplicationSupportsIndirectInputEvents = YES;
				INFOPLIST_KEY_UILaunchStoryboardName = LaunchScreen;
				INFOPLIST_KEY_UIMainStoryboardFile = Main;
				INFOPLIST_KEY_UISupportedInterfaceOrientations_iPad = "UIInterfaceOrientationPortrait UIInterfaceOrientationPortraitUpsideDown UIInterfaceOrientationLandscapeLeft UIInterfaceOrientationLandscapeRight";
				INFOPLIST_KEY_UISupportedInterfaceOrientations_iPhone = "UIInterfaceOrientationPortrait UIInterfaceOrientationLandscapeLeft UIInterfaceOrientationLandscapeRight";
				INFOPLIST_KEY_UIUserInterfaceStyle = Light;
				IPHONEOS_DEPLOYMENT_TARGET = 15.0;
				LD_RUNPATH_SEARCH_PATHS = (
					"$(inherited)",
					"@executable_path/Frameworks",
				);
				MARKETING_VERSION = 1.0;
				PRODUCT_BUNDLE_IDENTIFIER = com.InstaMention.LiveIndicatorOverlayKit;
				PRODUCT_NAME = "$(TARGET_NAME)";
				SWIFT_EMIT_LOC_STRINGS = YES;
				SWIFT_VERSION = 5.0;
				TARGETED_DEVICE_FAMILY = "1,2";
			};
			name = Debug;
		};
		DDF536D12CDF3BD800E2B335 /* Release */ = {
			isa = XCBuildConfiguration;
			buildSettings = {
				ASSETCATALOG_COMPILER_APPICON_NAME = AppIcon;
				ASSETCATALOG_COMPILER_GLOBAL_ACCENT_COLOR_NAME = AccentColor;
				CODE_SIGN_STYLE = Automatic;
				CURRENT_PROJECT_VERSION = 1;
				GENERATE_INFOPLIST_FILE = YES;
				INFOPLIST_FILE = LiveIndicatorOverlayKit/Info.plist;
				INFOPLIST_KEY_UIApplicationSupportsIndirectInputEvents = YES;
				INFOPLIST_KEY_UILaunchStoryboardName = LaunchScreen;
				INFOPLIST_KEY_UIMainStoryboardFile = Main;
				INFOPLIST_KEY_UISupportedInterfaceOrientations_iPad = "UIInterfaceOrientationPortrait UIInterfaceOrientationPortraitUpsideDown UIInterfaceOrientationLandscapeLeft UIInterfaceOrientationLandscapeRight";
				INFOPLIST_KEY_UISupportedInterfaceOrientations_iPhone = "UIInterfaceOrientationPortrait UIInterfaceOrientationLandscapeLeft UIInterfaceOrientationLandscapeRight";
				INFOPLIST_KEY_UIUserInterfaceStyle = Light;
				IPHONEOS_DEPLOYMENT_TARGET = 15.0;
				LD_RUNPATH_SEARCH_PATHS = (
					"$(inherited)",
					"@executable_path/Frameworks",
				);
				MARKETING_VERSION = 1.0;
				PRODUCT_BUNDLE_IDENTIFIER = com.InstaMention.LiveIndicatorOverlayKit;
				PRODUCT_NAME = "$(TARGET_NAME)";
				SWIFT_EMIT_LOC_STRINGS = YES;
				SWIFT_VERSION = 5.0;
				TARGETED_DEVICE_FAMILY = "1,2";
			};
			name = Release;
		};
/* End XCBuildConfiguration section */

/* Begin XCConfigurationList section */
		DDF536B62CDF3BD700E2B335 /* Build configuration list for PBXProject "LiveIndicatorOverlayKit" */ = {
			isa = XCConfigurationList;
			buildConfigurations = (
				DDF536CD2CDF3BD800E2B335 /* Debug */,
				DDF536CE2CDF3BD800E2B335 /* Release */,
			);
			defaultConfigurationIsVisible = 0;
			defaultConfigurationName = Release;
		};
		DDF536CF2CDF3BD800E2B335 /* Build configuration list for PBXNativeTarget "LiveIndicatorOverlayKit" */ = {
			isa = XCConfigurationList;
			buildConfigurations = (
				DDF536D02CDF3BD800E2B335 /* Debug */,
				DDF536D12CDF3BD800E2B335 /* Release */,
			);
			defaultConfigurationIsVisible = 0;
			defaultConfigurationName = Release;
		};
/* End XCConfigurationList section */
	};
	rootObject = DDF536B32CDF3BD700E2B335 /* Project object */;
}
